
Microsoft Visual Studio Solution File, Format Version 12.00
# Visual Studio Version 16
VisualStudioVersion = 16.0.30907.101
MinimumVisualStudioVersion = 10.0.40219.1
Project("{FAE04EC0-301F-11D3-BF4B-00C04F79EFBC}") = "Count clicks", "Count clicks.csproj", "{7BCD04D1-5715-4757-851A-52117E86ABA9}"
EndProject
Global
	GlobalSection(SolutionConfigurationPlatforms) = preSolution
		Debug|Any CPU = Debug|Any CPU
		Release|Any CPU = Release|Any CPU
	EndGlobalSection
	GlobalSection(ProjectConfigurationPlatforms) = postSolution
		{7BCD04D1-5715-4757-851A-52117E86ABA9}.Debug|Any CPU.ActiveCfg = Debug|Any CPU
		{7BCD04D1-5715-4757-851A-52117E86ABA9}.Debug|Any CPU.Build.0 = Debug|Any CPU
		{7BCD04D1-5715-4757-851A-52117E86ABA9}.Release|Any CPU.ActiveCfg = Release|Any CPU
		{7BCD04D1-5715-4757-851A-52117E86ABA9}.Release|Any CPU.Build.0 = Release|Any CPU
	EndGlobalSection
	GlobalSection(SolutionProperties) = preSolution
		HideSolutionNode = FALSE
	EndGlobalSection
	GlobalSection(ExtensibilityGlobals) = postSolution
		SolutionGuid = {50A1346E-862D-44F9-B82F-5BE4AC329D72}
	EndGlobalSection
EndGlobal
